
Microsoft Visual Studio Solution File, Format Version 12.00
# Visual Studio Version 17
VisualStudioVersion = 17.9.34622.214
MinimumVisualStudioVersion = 10.0.40219.1
Project("{FAE04EC0-301F-11D3-BF4B-00C04F79EFBC}") = "lAB05", "lAB05\lAB05.csproj", "{26045252-176D-4CF6-822A-9107AA49B3CB}"
EndProject
Global
	GlobalSection(SolutionConfigurationPlatforms) = preSolution
		Debug|Any CPU = Debug|Any CPU
		Release|Any CPU = Release|Any CPU
	EndGlobalSection
	GlobalSection(ProjectConfigurationPlatforms) = postSolution
		{26045252-176D-4CF6-822A-9107AA49B3CB}.Debug|Any CPU.ActiveCfg = Debug|Any CPU
		{26045252-176D-4CF6-822A-9107AA49B3CB}.Debug|Any CPU.Build.0 = Debug|Any CPU
		{26045252-176D-4CF6-822A-9107AA49B3CB}.Release|Any CPU.ActiveCfg = Release|Any CPU
		{26045252-176D-4CF6-822A-9107AA49B3CB}.Release|Any CPU.Build.0 = Release|Any CPU
	EndGlobalSection
	GlobalSection(SolutionProperties) = preSolution
		HideSolutionNode = FALSE
	EndGlobalSection
	GlobalSection(ExtensibilityGlobals) = postSolution
		SolutionGuid = {2401B389-DBE9-4833-995D-DC0743F4DAF0}
	EndGlobalSection
EndGlobal
